# This file is automatically @generated by Cargo.
# It is not intended for manual editing.
version = 4

[[package]]
name = "justino_core"
version = "0.1.0"

[[package]]
name = "justino_lsp"
version = "0.1.0"
dependencies = [
 "justino_core",
 "justino_stdlib",
 "justino_ui",
]

[[package]]
name = "justino_stdlib"
version = "0.1.0"
dependencies = [
 "justino_core",
 "justino_ui",
]

[[package]]
name = "justino_ui"
version = "0.1.0"
dependencies = [
 "justino_core",
]
